
Microsoft Visual Studio Solution File, Format Version 12.00
# Visual Studio Version 17
VisualStudioVersion = 17.0.31903.59
MinimumVisualStudioVersion = 10.0.40219.1
Project("{2150E333-8FDC-42A3-9474-1A3956D46DE8}") = "src", "src", "{B2152FF3-9D91-43AA-96E5-1180DFC08E62}"
EndProject
Project("{FAE04EC0-301F-11D3-BF4B-00C04F79EFBC}") = "AuctionService", "src\AuctionService\AuctionService.csproj", "{23538D4B-CD2C-4BCF-B265-DF207293319B}"
EndProject
Project("{FAE04EC0-301F-11D3-BF4B-00C04F79EFBC}") = "SearchService", "src\SearchService\SearchService.csproj", "{2AEC5C2B-E91D-401C-B066-79D9377589B4}"
EndProject
Project("{FAE04EC0-301F-11D3-BF4B-00C04F79EFBC}") = "Contracts", "src\Contracts\Contracts.csproj", "{C0B2AC19-701E-4121-B137-6ACD1336A3D4}"
EndProject
Project("{FAE04EC0-301F-11D3-BF4B-00C04F79EFBC}") = "IdentityService", "src\IdentityService\IdentityService.csproj", "{12AFDC36-AC4D-4DF9-B20A-398C783B5C34}"
EndProject
Project("{FAE04EC0-301F-11D3-BF4B-00C04F79EFBC}") = "BiddingService", "src\BiddingService\BiddingService.csproj", "{D076C98F-72AC-4CA9-8AD0-49455F0E1BFD}"
EndProject
Global
	GlobalSection(SolutionConfigurationPlatforms) = preSolution
		Debug|Any CPU = Debug|Any CPU
		Release|Any CPU = Release|Any CPU
	EndGlobalSection
	GlobalSection(SolutionProperties) = preSolution
		HideSolutionNode = FALSE
	EndGlobalSection
	GlobalSection(ProjectConfigurationPlatforms) = postSolution
		{23538D4B-CD2C-4BCF-B265-DF207293319B}.Debug|Any CPU.ActiveCfg = Debug|Any CPU
		{23538D4B-CD2C-4BCF-B265-DF207293319B}.Debug|Any CPU.Build.0 = Debug|Any CPU
		{23538D4B-CD2C-4BCF-B265-DF207293319B}.Release|Any CPU.ActiveCfg = Release|Any CPU
		{23538D4B-CD2C-4BCF-B265-DF207293319B}.Release|Any CPU.Build.0 = Release|Any CPU
		{2AEC5C2B-E91D-401C-B066-79D9377589B4}.Debug|Any CPU.ActiveCfg = Debug|Any CPU
		{2AEC5C2B-E91D-401C-B066-79D9377589B4}.Debug|Any CPU.Build.0 = Debug|Any CPU
		{2AEC5C2B-E91D-401C-B066-79D9377589B4}.Release|Any CPU.ActiveCfg = Release|Any CPU
		{2AEC5C2B-E91D-401C-B066-79D9377589B4}.Release|Any CPU.Build.0 = Release|Any CPU
		{C0B2AC19-701E-4121-B137-6ACD1336A3D4}.Debug|Any CPU.ActiveCfg = Debug|Any CPU
		{C0B2AC19-701E-4121-B137-6ACD1336A3D4}.Debug|Any CPU.Build.0 = Debug|Any CPU
		{C0B2AC19-701E-4121-B137-6ACD1336A3D4}.Release|Any CPU.ActiveCfg = Release|Any CPU
		{C0B2AC19-701E-4121-B137-6ACD1336A3D4}.Release|Any CPU.Build.0 = Release|Any CPU
		{12AFDC36-AC4D-4DF9-B20A-398C783B5C34}.Debug|Any CPU.ActiveCfg = Debug|Any CPU
		{12AFDC36-AC4D-4DF9-B20A-398C783B5C34}.Debug|Any CPU.Build.0 = Debug|Any CPU
		{12AFDC36-AC4D-4DF9-B20A-398C783B5C34}.Release|Any CPU.ActiveCfg = Release|Any CPU
		{12AFDC36-AC4D-4DF9-B20A-398C783B5C34}.Release|Any CPU.Build.0 = Release|Any CPU
		{D076C98F-72AC-4CA9-8AD0-49455F0E1BFD}.Debug|Any CPU.ActiveCfg = Debug|Any CPU
		{D076C98F-72AC-4CA9-8AD0-49455F0E1BFD}.Debug|Any CPU.Build.0 = Debug|Any CPU
		{D076C98F-72AC-4CA9-8AD0-49455F0E1BFD}.Release|Any CPU.ActiveCfg = Release|Any CPU
		{D076C98F-72AC-4CA9-8AD0-49455F0E1BFD}.Release|Any CPU.Build.0 = Release|Any CPU
	EndGlobalSection
	GlobalSection(NestedProjects) = preSolution
		{23538D4B-CD2C-4BCF-B265-DF207293319B} = {B2152FF3-9D91-43AA-96E5-1180DFC08E62}
		{2AEC5C2B-E91D-401C-B066-79D9377589B4} = {B2152FF3-9D91-43AA-96E5-1180DFC08E62}
		{C0B2AC19-701E-4121-B137-6ACD1336A3D4} = {B2152FF3-9D91-43AA-96E5-1180DFC08E62}
		{12AFDC36-AC4D-4DF9-B20A-398C783B5C34} = {B2152FF3-9D91-43AA-96E5-1180DFC08E62}
		{D076C98F-72AC-4CA9-8AD0-49455F0E1BFD} = {B2152FF3-9D91-43AA-96E5-1180DFC08E62}
	EndGlobalSection
EndGlobal
